
Microsoft Visual Studio Solution File, Format Version 12.00
# Visual Studio Version 17
VisualStudioVersion = 17.7.34031.279
MinimumVisualStudioVersion = 10.0.40219.1
Project("{9A19103F-16F7-4668-BE54-9A1E7A4F7556}") = "CashierApi", "CashierApi.csproj", "{5EEA64B7-1AE0-4D9E-A2D4-744D0C8FCC54}"
EndProject
Project("{9A19103F-16F7-4668-BE54-9A1E7A4F7556}") = "RayiehApp", "..\RayiehApp\RayiehApp.csproj", "{3CC01744-2524-4C6B-B2A7-A24906CC53AF}"
EndProject
Project("{9A19103F-16F7-4668-BE54-9A1E7A4F7556}") = "abyad_backend", "..\abyad_backend\abyad_backend\abyad_backend.csproj", "{D67F1566-32CF-46CC-A2FA-CA69004A7530}"
EndProject
Global
	GlobalSection(SolutionConfigurationPlatforms) = preSolution
		Debug|Any CPU = Debug|Any CPU
		Release|Any CPU = Release|Any CPU
	EndGlobalSection
	GlobalSection(ProjectConfigurationPlatforms) = postSolution
		{5EEA64B7-1AE0-4D9E-A2D4-744D0C8FCC54}.Debug|Any CPU.ActiveCfg = Debug|Any CPU
		{5EEA64B7-1AE0-4D9E-A2D4-744D0C8FCC54}.Debug|Any CPU.Build.0 = Debug|Any CPU
		{5EEA64B7-1AE0-4D9E-A2D4-744D0C8FCC54}.Release|Any CPU.ActiveCfg = Release|Any CPU
		{5EEA64B7-1AE0-4D9E-A2D4-744D0C8FCC54}.Release|Any CPU.Build.0 = Release|Any CPU
		{3CC01744-2524-4C6B-B2A7-A24906CC53AF}.Debug|Any CPU.ActiveCfg = Debug|Any CPU
		{3CC01744-2524-4C6B-B2A7-A24906CC53AF}.Debug|Any CPU.Build.0 = Debug|Any CPU
		{3CC01744-2524-4C6B-B2A7-A24906CC53AF}.Release|Any CPU.ActiveCfg = Release|Any CPU
		{3CC01744-2524-4C6B-B2A7-A24906CC53AF}.Release|Any CPU.Build.0 = Release|Any CPU
		{D67F1566-32CF-46CC-A2FA-CA69004A7530}.Debug|Any CPU.ActiveCfg = Debug|Any CPU
		{D67F1566-32CF-46CC-A2FA-CA69004A7530}.Debug|Any CPU.Build.0 = Debug|Any CPU
		{D67F1566-32CF-46CC-A2FA-CA69004A7530}.Release|Any CPU.ActiveCfg = Release|Any CPU
		{D67F1566-32CF-46CC-A2FA-CA69004A7530}.Release|Any CPU.Build.0 = Release|Any CPU
	EndGlobalSection
	GlobalSection(SolutionProperties) = preSolution
		HideSolutionNode = FALSE
	EndGlobalSection
	GlobalSection(ExtensibilityGlobals) = postSolution
		SolutionGuid = {21FF1E3B-F0CE-4120-B43C-F3C96300A8ED}
	EndGlobalSection
EndGlobal
